
Microsoft Visual Studio Solution File, Format Version 12.00
# Visual Studio 15
VisualStudioVersion = 15.0.28307.757
MinimumVisualStudioVersion = 10.0.40219.1
Project("{8BC9CEB8-8B4A-11D0-8D11-00A0C91BC942}") = "[카카오] 자동완성", "[카카오] 자동완성\[카카오] 자동완성.vcxproj", "{DB290617-08EF-43B0-BF8A-690F34EEEF0D}"
EndProject
Global
	GlobalSection(SolutionConfigurationPlatforms) = preSolution
		Debug|x64 = Debug|x64
		Debug|x86 = Debug|x86
		Release|x64 = Release|x64
		Release|x86 = Release|x86
	EndGlobalSection
	GlobalSection(ProjectConfigurationPlatforms) = postSolution
		{DB290617-08EF-43B0-BF8A-690F34EEEF0D}.Debug|x64.ActiveCfg = Debug|x64
		{DB290617-08EF-43B0-BF8A-690F34EEEF0D}.Debug|x64.Build.0 = Debug|x64
		{DB290617-08EF-43B0-BF8A-690F34EEEF0D}.Debug|x86.ActiveCfg = Debug|Win32
		{DB290617-08EF-43B0-BF8A-690F34EEEF0D}.Debug|x86.Build.0 = Debug|Win32
		{DB290617-08EF-43B0-BF8A-690F34EEEF0D}.Release|x64.ActiveCfg = Release|x64
		{DB290617-08EF-43B0-BF8A-690F34EEEF0D}.Release|x64.Build.0 = Release|x64
		{DB290617-08EF-43B0-BF8A-690F34EEEF0D}.Release|x86.ActiveCfg = Release|Win32
		{DB290617-08EF-43B0-BF8A-690F34EEEF0D}.Release|x86.Build.0 = Release|Win32
	EndGlobalSection
	GlobalSection(SolutionProperties) = preSolution
		HideSolutionNode = FALSE
	EndGlobalSection
	GlobalSection(ExtensibilityGlobals) = postSolution
		SolutionGuid = {8231DF63-4258-43B1-99E3-158630BEDA74}
	EndGlobalSection
EndGlobal
