
Microsoft Visual Studio Solution File, Format Version 12.00
# Visual Studio 15
VisualStudioVersion = 15.0.28307.757
MinimumVisualStudioVersion = 10.0.40219.1
Project("{8BC9CEB8-8B4A-11D0-8D11-00A0C91BC942}") = "[백준] 4153 직각삼각형", "[백준] 4153 직각삼각형\[백준] 4153 직각삼각형.vcxproj", "{4A14DA44-5181-416E-9FF4-42A94C4A42E8}"
EndProject
Global
	GlobalSection(SolutionConfigurationPlatforms) = preSolution
		Debug|x64 = Debug|x64
		Debug|x86 = Debug|x86
		Release|x64 = Release|x64
		Release|x86 = Release|x86
	EndGlobalSection
	GlobalSection(ProjectConfigurationPlatforms) = postSolution
		{4A14DA44-5181-416E-9FF4-42A94C4A42E8}.Debug|x64.ActiveCfg = Debug|x64
		{4A14DA44-5181-416E-9FF4-42A94C4A42E8}.Debug|x64.Build.0 = Debug|x64
		{4A14DA44-5181-416E-9FF4-42A94C4A42E8}.Debug|x86.ActiveCfg = Debug|Win32
		{4A14DA44-5181-416E-9FF4-42A94C4A42E8}.Debug|x86.Build.0 = Debug|Win32
		{4A14DA44-5181-416E-9FF4-42A94C4A42E8}.Release|x64.ActiveCfg = Release|x64
		{4A14DA44-5181-416E-9FF4-42A94C4A42E8}.Release|x64.Build.0 = Release|x64
		{4A14DA44-5181-416E-9FF4-42A94C4A42E8}.Release|x86.ActiveCfg = Release|Win32
		{4A14DA44-5181-416E-9FF4-42A94C4A42E8}.Release|x86.Build.0 = Release|Win32
	EndGlobalSection
	GlobalSection(SolutionProperties) = preSolution
		HideSolutionNode = FALSE
	EndGlobalSection
	GlobalSection(ExtensibilityGlobals) = postSolution
		SolutionGuid = {2EC90425-AC9C-4D88-BDB2-645EA3DAF00C}
	EndGlobalSection
EndGlobal
