
Microsoft Visual Studio Solution File, Format Version 12.00
# Visual Studio 15
VisualStudioVersion = 15.0.28307.757
MinimumVisualStudioVersion = 10.0.40219.1
Project("{8BC9CEB8-8B4A-11D0-8D11-00A0C91BC942}") = "[백준] 15649 N과 M (1)", "[백준] 15649 N과 M (1)\[백준] 15649 N과 M (1).vcxproj", "{5E84ECC8-C43C-436D-8071-4D3BB6D001E4}"
EndProject
Global
	GlobalSection(SolutionConfigurationPlatforms) = preSolution
		Debug|x64 = Debug|x64
		Debug|x86 = Debug|x86
		Release|x64 = Release|x64
		Release|x86 = Release|x86
	EndGlobalSection
	GlobalSection(ProjectConfigurationPlatforms) = postSolution
		{5E84ECC8-C43C-436D-8071-4D3BB6D001E4}.Debug|x64.ActiveCfg = Debug|x64
		{5E84ECC8-C43C-436D-8071-4D3BB6D001E4}.Debug|x64.Build.0 = Debug|x64
		{5E84ECC8-C43C-436D-8071-4D3BB6D001E4}.Debug|x86.ActiveCfg = Debug|Win32
		{5E84ECC8-C43C-436D-8071-4D3BB6D001E4}.Debug|x86.Build.0 = Debug|Win32
		{5E84ECC8-C43C-436D-8071-4D3BB6D001E4}.Release|x64.ActiveCfg = Release|x64
		{5E84ECC8-C43C-436D-8071-4D3BB6D001E4}.Release|x64.Build.0 = Release|x64
		{5E84ECC8-C43C-436D-8071-4D3BB6D001E4}.Release|x86.ActiveCfg = Release|Win32
		{5E84ECC8-C43C-436D-8071-4D3BB6D001E4}.Release|x86.Build.0 = Release|Win32
	EndGlobalSection
	GlobalSection(SolutionProperties) = preSolution
		HideSolutionNode = FALSE
	EndGlobalSection
	GlobalSection(ExtensibilityGlobals) = postSolution
		SolutionGuid = {A819FB68-0096-4F60-AA8C-71B7B79473F8}
	EndGlobalSection
EndGlobal
