
Microsoft Visual Studio Solution File, Format Version 12.00
# Visual Studio 15
VisualStudioVersion = 15.0.28307.757
MinimumVisualStudioVersion = 10.0.40219.1
Project("{8BC9CEB8-8B4A-11D0-8D11-00A0C91BC942}") = "[프로그래머스] 기본 스킬테스트 level1 1번", "[프로그래머스] 기본 스킬테스트 level1 1번\[프로그래머스] 기본 스킬테스트 level1 1번.vcxproj", "{016E84B8-EBD1-4AC2-9DA2-EFA8EE7863DA}"
EndProject
Global
	GlobalSection(SolutionConfigurationPlatforms) = preSolution
		Debug|x64 = Debug|x64
		Debug|x86 = Debug|x86
		Release|x64 = Release|x64
		Release|x86 = Release|x86
	EndGlobalSection
	GlobalSection(ProjectConfigurationPlatforms) = postSolution
		{016E84B8-EBD1-4AC2-9DA2-EFA8EE7863DA}.Debug|x64.ActiveCfg = Debug|x64
		{016E84B8-EBD1-4AC2-9DA2-EFA8EE7863DA}.Debug|x64.Build.0 = Debug|x64
		{016E84B8-EBD1-4AC2-9DA2-EFA8EE7863DA}.Debug|x86.ActiveCfg = Debug|Win32
		{016E84B8-EBD1-4AC2-9DA2-EFA8EE7863DA}.Debug|x86.Build.0 = Debug|Win32
		{016E84B8-EBD1-4AC2-9DA2-EFA8EE7863DA}.Release|x64.ActiveCfg = Release|x64
		{016E84B8-EBD1-4AC2-9DA2-EFA8EE7863DA}.Release|x64.Build.0 = Release|x64
		{016E84B8-EBD1-4AC2-9DA2-EFA8EE7863DA}.Release|x86.ActiveCfg = Release|Win32
		{016E84B8-EBD1-4AC2-9DA2-EFA8EE7863DA}.Release|x86.Build.0 = Release|Win32
	EndGlobalSection
	GlobalSection(SolutionProperties) = preSolution
		HideSolutionNode = FALSE
	EndGlobalSection
	GlobalSection(ExtensibilityGlobals) = postSolution
		SolutionGuid = {FD8E5ED6-D491-4435-AF03-66CCF6CF30F9}
	EndGlobalSection
EndGlobal
