
Microsoft Visual Studio Solution File, Format Version 12.00
# Visual Studio 15
VisualStudioVersion = 15.0.28307.271
MinimumVisualStudioVersion = 10.0.40219.1
Project("{8BC9CEB8-8B4A-11D0-8D11-00A0C91BC942}") = "[백준] 1697 숨바꼭질", "[백준] 1697 숨바꼭질\[백준] 1697 숨바꼭질.vcxproj", "{9C0DC885-BE07-46A4-8574-90F23781B290}"
EndProject
Global
	GlobalSection(SolutionConfigurationPlatforms) = preSolution
		Debug|x64 = Debug|x64
		Debug|x86 = Debug|x86
		Release|x64 = Release|x64
		Release|x86 = Release|x86
	EndGlobalSection
	GlobalSection(ProjectConfigurationPlatforms) = postSolution
		{9C0DC885-BE07-46A4-8574-90F23781B290}.Debug|x64.ActiveCfg = Debug|x64
		{9C0DC885-BE07-46A4-8574-90F23781B290}.Debug|x64.Build.0 = Debug|x64
		{9C0DC885-BE07-46A4-8574-90F23781B290}.Debug|x86.ActiveCfg = Debug|Win32
		{9C0DC885-BE07-46A4-8574-90F23781B290}.Debug|x86.Build.0 = Debug|Win32
		{9C0DC885-BE07-46A4-8574-90F23781B290}.Release|x64.ActiveCfg = Release|x64
		{9C0DC885-BE07-46A4-8574-90F23781B290}.Release|x64.Build.0 = Release|x64
		{9C0DC885-BE07-46A4-8574-90F23781B290}.Release|x86.ActiveCfg = Release|Win32
		{9C0DC885-BE07-46A4-8574-90F23781B290}.Release|x86.Build.0 = Release|Win32
	EndGlobalSection
	GlobalSection(SolutionProperties) = preSolution
		HideSolutionNode = FALSE
	EndGlobalSection
	GlobalSection(ExtensibilityGlobals) = postSolution
		SolutionGuid = {E22D7B30-90C8-406F-A648-E17704748538}
	EndGlobalSection
EndGlobal
