
Microsoft Visual Studio Solution File, Format Version 12.00
# Visual Studio 15
VisualStudioVersion = 15.0.28307.757
MinimumVisualStudioVersion = 10.0.40219.1
Project("{8BC9CEB8-8B4A-11D0-8D11-00A0C91BC942}") = "[백준] 9019 DSLR", "[백준] 9019 DSLR\[백준] 9019 DSLR.vcxproj", "{B02E4943-9566-4670-84B8-BDE222EC9AB0}"
EndProject
Global
	GlobalSection(SolutionConfigurationPlatforms) = preSolution
		Debug|x64 = Debug|x64
		Debug|x86 = Debug|x86
		Release|x64 = Release|x64
		Release|x86 = Release|x86
	EndGlobalSection
	GlobalSection(ProjectConfigurationPlatforms) = postSolution
		{B02E4943-9566-4670-84B8-BDE222EC9AB0}.Debug|x64.ActiveCfg = Debug|x64
		{B02E4943-9566-4670-84B8-BDE222EC9AB0}.Debug|x64.Build.0 = Debug|x64
		{B02E4943-9566-4670-84B8-BDE222EC9AB0}.Debug|x86.ActiveCfg = Debug|Win32
		{B02E4943-9566-4670-84B8-BDE222EC9AB0}.Debug|x86.Build.0 = Debug|Win32
		{B02E4943-9566-4670-84B8-BDE222EC9AB0}.Release|x64.ActiveCfg = Release|x64
		{B02E4943-9566-4670-84B8-BDE222EC9AB0}.Release|x64.Build.0 = Release|x64
		{B02E4943-9566-4670-84B8-BDE222EC9AB0}.Release|x86.ActiveCfg = Release|Win32
		{B02E4943-9566-4670-84B8-BDE222EC9AB0}.Release|x86.Build.0 = Release|Win32
	EndGlobalSection
	GlobalSection(SolutionProperties) = preSolution
		HideSolutionNode = FALSE
	EndGlobalSection
	GlobalSection(ExtensibilityGlobals) = postSolution
		SolutionGuid = {1D330166-3327-474F-87F1-BA529B67C1D6}
	EndGlobalSection
EndGlobal
