
Microsoft Visual Studio Solution File, Format Version 12.00
# Visual Studio Version 16
VisualStudioVersion = 16.0.31729.503
MinimumVisualStudioVersion = 10.0.40219.1
Project("{8BC9CEB8-8B4A-11D0-8D11-00A0C91BC942}") = "[백준] 1799 비숍", "[백준] 1799 비숍\[백준] 1799 비숍.vcxproj", "{19384C5C-1362-4F4C-B6DF-7759620B3FAA}"
EndProject
Global
	GlobalSection(SolutionConfigurationPlatforms) = preSolution
		Debug|x64 = Debug|x64
		Debug|x86 = Debug|x86
		Release|x64 = Release|x64
		Release|x86 = Release|x86
	EndGlobalSection
	GlobalSection(ProjectConfigurationPlatforms) = postSolution
		{19384C5C-1362-4F4C-B6DF-7759620B3FAA}.Debug|x64.ActiveCfg = Debug|x64
		{19384C5C-1362-4F4C-B6DF-7759620B3FAA}.Debug|x64.Build.0 = Debug|x64
		{19384C5C-1362-4F4C-B6DF-7759620B3FAA}.Debug|x86.ActiveCfg = Debug|Win32
		{19384C5C-1362-4F4C-B6DF-7759620B3FAA}.Debug|x86.Build.0 = Debug|Win32
		{19384C5C-1362-4F4C-B6DF-7759620B3FAA}.Release|x64.ActiveCfg = Release|x64
		{19384C5C-1362-4F4C-B6DF-7759620B3FAA}.Release|x64.Build.0 = Release|x64
		{19384C5C-1362-4F4C-B6DF-7759620B3FAA}.Release|x86.ActiveCfg = Release|Win32
		{19384C5C-1362-4F4C-B6DF-7759620B3FAA}.Release|x86.Build.0 = Release|Win32
	EndGlobalSection
	GlobalSection(SolutionProperties) = preSolution
		HideSolutionNode = FALSE
	EndGlobalSection
	GlobalSection(ExtensibilityGlobals) = postSolution
		SolutionGuid = {9F1DBD7A-5055-47A8-90C7-2EA7303C0A6D}
	EndGlobalSection
EndGlobal
