
Microsoft Visual Studio Solution File, Format Version 12.00
# Visual Studio Version 16
VisualStudioVersion = 16.0.31702.278
MinimumVisualStudioVersion = 10.0.40219.1
Project("{8BC9CEB8-8B4A-11D0-8D11-00A0C91BC942}") = "[프로그래머스] JadenCase 문자열 만들기", "[프로그래머스] JadenCase 문자열 만들기\[프로그래머스] JadenCase 문자열 만들기.vcxproj", "{AED20BA2-DAFC-45FE-8A31-2EF3D058515D}"
EndProject
Global
	GlobalSection(SolutionConfigurationPlatforms) = preSolution
		Debug|x64 = Debug|x64
		Debug|x86 = Debug|x86
		Release|x64 = Release|x64
		Release|x86 = Release|x86
	EndGlobalSection
	GlobalSection(ProjectConfigurationPlatforms) = postSolution
		{AED20BA2-DAFC-45FE-8A31-2EF3D058515D}.Debug|x64.ActiveCfg = Debug|x64
		{AED20BA2-DAFC-45FE-8A31-2EF3D058515D}.Debug|x64.Build.0 = Debug|x64
		{AED20BA2-DAFC-45FE-8A31-2EF3D058515D}.Debug|x86.ActiveCfg = Debug|Win32
		{AED20BA2-DAFC-45FE-8A31-2EF3D058515D}.Debug|x86.Build.0 = Debug|Win32
		{AED20BA2-DAFC-45FE-8A31-2EF3D058515D}.Release|x64.ActiveCfg = Release|x64
		{AED20BA2-DAFC-45FE-8A31-2EF3D058515D}.Release|x64.Build.0 = Release|x64
		{AED20BA2-DAFC-45FE-8A31-2EF3D058515D}.Release|x86.ActiveCfg = Release|Win32
		{AED20BA2-DAFC-45FE-8A31-2EF3D058515D}.Release|x86.Build.0 = Release|Win32
	EndGlobalSection
	GlobalSection(SolutionProperties) = preSolution
		HideSolutionNode = FALSE
	EndGlobalSection
	GlobalSection(ExtensibilityGlobals) = postSolution
		SolutionGuid = {2583A979-E5CA-400F-BA0D-7C6BAED386E6}
	EndGlobalSection
EndGlobal
