
Microsoft Visual Studio Solution File, Format Version 12.00
# Visual Studio 15
VisualStudioVersion = 15.0.28307.271
MinimumVisualStudioVersion = 10.0.40219.1
Project("{8BC9CEB8-8B4A-11D0-8D11-00A0C91BC942}") = "[백준] 1912 연속합", "[백준] 1912 연속합\[백준] 1912 연속합.vcxproj", "{5967F237-2B4D-40C2-87E6-7C34271FB8BD}"
EndProject
Global
	GlobalSection(SolutionConfigurationPlatforms) = preSolution
		Debug|x64 = Debug|x64
		Debug|x86 = Debug|x86
		Release|x64 = Release|x64
		Release|x86 = Release|x86
	EndGlobalSection
	GlobalSection(ProjectConfigurationPlatforms) = postSolution
		{5967F237-2B4D-40C2-87E6-7C34271FB8BD}.Debug|x64.ActiveCfg = Debug|x64
		{5967F237-2B4D-40C2-87E6-7C34271FB8BD}.Debug|x64.Build.0 = Debug|x64
		{5967F237-2B4D-40C2-87E6-7C34271FB8BD}.Debug|x86.ActiveCfg = Debug|Win32
		{5967F237-2B4D-40C2-87E6-7C34271FB8BD}.Debug|x86.Build.0 = Debug|Win32
		{5967F237-2B4D-40C2-87E6-7C34271FB8BD}.Release|x64.ActiveCfg = Release|x64
		{5967F237-2B4D-40C2-87E6-7C34271FB8BD}.Release|x64.Build.0 = Release|x64
		{5967F237-2B4D-40C2-87E6-7C34271FB8BD}.Release|x86.ActiveCfg = Release|Win32
		{5967F237-2B4D-40C2-87E6-7C34271FB8BD}.Release|x86.Build.0 = Release|Win32
	EndGlobalSection
	GlobalSection(SolutionProperties) = preSolution
		HideSolutionNode = FALSE
	EndGlobalSection
	GlobalSection(ExtensibilityGlobals) = postSolution
		SolutionGuid = {11977B90-0E1D-4B27-8E58-F5F3A089EA0E}
	EndGlobalSection
EndGlobal
