
Microsoft Visual Studio Solution File, Format Version 12.00
# Visual Studio 15
VisualStudioVersion = 15.0.28307.757
MinimumVisualStudioVersion = 10.0.40219.1
Project("{8BC9CEB8-8B4A-11D0-8D11-00A0C91BC942}") = "[백준] 1920 수 찾기", "[백준] 1920 수 찾기\[백준] 1920 수 찾기.vcxproj", "{E0A274C5-2EB8-465D-889D-41BD7CE9E1F9}"
EndProject
Global
	GlobalSection(SolutionConfigurationPlatforms) = preSolution
		Debug|x64 = Debug|x64
		Debug|x86 = Debug|x86
		Release|x64 = Release|x64
		Release|x86 = Release|x86
	EndGlobalSection
	GlobalSection(ProjectConfigurationPlatforms) = postSolution
		{E0A274C5-2EB8-465D-889D-41BD7CE9E1F9}.Debug|x64.ActiveCfg = Debug|x64
		{E0A274C5-2EB8-465D-889D-41BD7CE9E1F9}.Debug|x64.Build.0 = Debug|x64
		{E0A274C5-2EB8-465D-889D-41BD7CE9E1F9}.Debug|x86.ActiveCfg = Debug|Win32
		{E0A274C5-2EB8-465D-889D-41BD7CE9E1F9}.Debug|x86.Build.0 = Debug|Win32
		{E0A274C5-2EB8-465D-889D-41BD7CE9E1F9}.Release|x64.ActiveCfg = Release|x64
		{E0A274C5-2EB8-465D-889D-41BD7CE9E1F9}.Release|x64.Build.0 = Release|x64
		{E0A274C5-2EB8-465D-889D-41BD7CE9E1F9}.Release|x86.ActiveCfg = Release|Win32
		{E0A274C5-2EB8-465D-889D-41BD7CE9E1F9}.Release|x86.Build.0 = Release|Win32
	EndGlobalSection
	GlobalSection(SolutionProperties) = preSolution
		HideSolutionNode = FALSE
	EndGlobalSection
	GlobalSection(ExtensibilityGlobals) = postSolution
		SolutionGuid = {65A2B56F-5DE3-482F-B494-CEADB80C57A2}
	EndGlobalSection
EndGlobal
