
Microsoft Visual Studio Solution File, Format Version 12.00
# Visual Studio 15
VisualStudioVersion = 15.0.28307.757
MinimumVisualStudioVersion = 10.0.40219.1
Project("{8BC9CEB8-8B4A-11D0-8D11-00A0C91BC942}") = "[백준] 13458 시험 감독", "[백준] 13458 시험 감독\[백준] 13458 시험 감독.vcxproj", "{9E9D69E7-5E69-4F7A-BBD8-3F080B18EE5C}"
EndProject
Global
	GlobalSection(SolutionConfigurationPlatforms) = preSolution
		Debug|x64 = Debug|x64
		Debug|x86 = Debug|x86
		Release|x64 = Release|x64
		Release|x86 = Release|x86
	EndGlobalSection
	GlobalSection(ProjectConfigurationPlatforms) = postSolution
		{9E9D69E7-5E69-4F7A-BBD8-3F080B18EE5C}.Debug|x64.ActiveCfg = Debug|x64
		{9E9D69E7-5E69-4F7A-BBD8-3F080B18EE5C}.Debug|x64.Build.0 = Debug|x64
		{9E9D69E7-5E69-4F7A-BBD8-3F080B18EE5C}.Debug|x86.ActiveCfg = Debug|Win32
		{9E9D69E7-5E69-4F7A-BBD8-3F080B18EE5C}.Debug|x86.Build.0 = Debug|Win32
		{9E9D69E7-5E69-4F7A-BBD8-3F080B18EE5C}.Release|x64.ActiveCfg = Release|x64
		{9E9D69E7-5E69-4F7A-BBD8-3F080B18EE5C}.Release|x64.Build.0 = Release|x64
		{9E9D69E7-5E69-4F7A-BBD8-3F080B18EE5C}.Release|x86.ActiveCfg = Release|Win32
		{9E9D69E7-5E69-4F7A-BBD8-3F080B18EE5C}.Release|x86.Build.0 = Release|Win32
	EndGlobalSection
	GlobalSection(SolutionProperties) = preSolution
		HideSolutionNode = FALSE
	EndGlobalSection
	GlobalSection(ExtensibilityGlobals) = postSolution
		SolutionGuid = {547B8C02-3DE5-4D1F-8DCA-9BE043810A7A}
	EndGlobalSection
EndGlobal
