
Microsoft Visual Studio Solution File, Format Version 12.00
# Visual Studio 15
VisualStudioVersion = 15.0.28307.757
MinimumVisualStudioVersion = 10.0.40219.1
Project("{8BC9CEB8-8B4A-11D0-8D11-00A0C91BC942}") = "[백준] 1167 트리의 지름", "[백준] 1167 트리의 지름\[백준] 1167 트리의 지름.vcxproj", "{C8CB89C5-4CC4-4A3E-8510-7B3BFDD4FEDD}"
EndProject
Global
	GlobalSection(SolutionConfigurationPlatforms) = preSolution
		Debug|x64 = Debug|x64
		Debug|x86 = Debug|x86
		Release|x64 = Release|x64
		Release|x86 = Release|x86
	EndGlobalSection
	GlobalSection(ProjectConfigurationPlatforms) = postSolution
		{C8CB89C5-4CC4-4A3E-8510-7B3BFDD4FEDD}.Debug|x64.ActiveCfg = Debug|x64
		{C8CB89C5-4CC4-4A3E-8510-7B3BFDD4FEDD}.Debug|x64.Build.0 = Debug|x64
		{C8CB89C5-4CC4-4A3E-8510-7B3BFDD4FEDD}.Debug|x86.ActiveCfg = Debug|Win32
		{C8CB89C5-4CC4-4A3E-8510-7B3BFDD4FEDD}.Debug|x86.Build.0 = Debug|Win32
		{C8CB89C5-4CC4-4A3E-8510-7B3BFDD4FEDD}.Release|x64.ActiveCfg = Release|x64
		{C8CB89C5-4CC4-4A3E-8510-7B3BFDD4FEDD}.Release|x64.Build.0 = Release|x64
		{C8CB89C5-4CC4-4A3E-8510-7B3BFDD4FEDD}.Release|x86.ActiveCfg = Release|Win32
		{C8CB89C5-4CC4-4A3E-8510-7B3BFDD4FEDD}.Release|x86.Build.0 = Release|Win32
	EndGlobalSection
	GlobalSection(SolutionProperties) = preSolution
		HideSolutionNode = FALSE
	EndGlobalSection
	GlobalSection(ExtensibilityGlobals) = postSolution
		SolutionGuid = {2E596F6B-F083-46D7-B023-163454A8A76B}
	EndGlobalSection
EndGlobal
