
Microsoft Visual Studio Solution File, Format Version 12.00
# Visual Studio 15
VisualStudioVersion = 15.0.28307.757
MinimumVisualStudioVersion = 10.0.40219.1
Project("{8BC9CEB8-8B4A-11D0-8D11-00A0C91BC942}") = "[카카오] 캐시", "[카카오] 캐시\[카카오] 캐시.vcxproj", "{9D889A28-179F-436D-ABB7-5C598BBA9D70}"
EndProject
Global
	GlobalSection(SolutionConfigurationPlatforms) = preSolution
		Debug|x64 = Debug|x64
		Debug|x86 = Debug|x86
		Release|x64 = Release|x64
		Release|x86 = Release|x86
	EndGlobalSection
	GlobalSection(ProjectConfigurationPlatforms) = postSolution
		{9D889A28-179F-436D-ABB7-5C598BBA9D70}.Debug|x64.ActiveCfg = Debug|x64
		{9D889A28-179F-436D-ABB7-5C598BBA9D70}.Debug|x64.Build.0 = Debug|x64
		{9D889A28-179F-436D-ABB7-5C598BBA9D70}.Debug|x86.ActiveCfg = Debug|Win32
		{9D889A28-179F-436D-ABB7-5C598BBA9D70}.Debug|x86.Build.0 = Debug|Win32
		{9D889A28-179F-436D-ABB7-5C598BBA9D70}.Release|x64.ActiveCfg = Release|x64
		{9D889A28-179F-436D-ABB7-5C598BBA9D70}.Release|x64.Build.0 = Release|x64
		{9D889A28-179F-436D-ABB7-5C598BBA9D70}.Release|x86.ActiveCfg = Release|Win32
		{9D889A28-179F-436D-ABB7-5C598BBA9D70}.Release|x86.Build.0 = Release|Win32
	EndGlobalSection
	GlobalSection(SolutionProperties) = preSolution
		HideSolutionNode = FALSE
	EndGlobalSection
	GlobalSection(ExtensibilityGlobals) = postSolution
		SolutionGuid = {171BA3FF-C2CA-4557-ADA2-4AF29530D831}
	EndGlobalSection
EndGlobal
