
Microsoft Visual Studio Solution File, Format Version 12.00
# Visual Studio 15
VisualStudioVersion = 15.0.28307.757
MinimumVisualStudioVersion = 10.0.40219.1
Project("{8BC9CEB8-8B4A-11D0-8D11-00A0C91BC942}") = "KMP 연습", "KMP 연습\KMP 연습.vcxproj", "{1952C2D8-1DBE-4053-A18B-087953D1685C}"
EndProject
Global
	GlobalSection(SolutionConfigurationPlatforms) = preSolution
		Debug|x64 = Debug|x64
		Debug|x86 = Debug|x86
		Release|x64 = Release|x64
		Release|x86 = Release|x86
	EndGlobalSection
	GlobalSection(ProjectConfigurationPlatforms) = postSolution
		{1952C2D8-1DBE-4053-A18B-087953D1685C}.Debug|x64.ActiveCfg = Debug|x64
		{1952C2D8-1DBE-4053-A18B-087953D1685C}.Debug|x64.Build.0 = Debug|x64
		{1952C2D8-1DBE-4053-A18B-087953D1685C}.Debug|x86.ActiveCfg = Debug|Win32
		{1952C2D8-1DBE-4053-A18B-087953D1685C}.Debug|x86.Build.0 = Debug|Win32
		{1952C2D8-1DBE-4053-A18B-087953D1685C}.Release|x64.ActiveCfg = Release|x64
		{1952C2D8-1DBE-4053-A18B-087953D1685C}.Release|x64.Build.0 = Release|x64
		{1952C2D8-1DBE-4053-A18B-087953D1685C}.Release|x86.ActiveCfg = Release|Win32
		{1952C2D8-1DBE-4053-A18B-087953D1685C}.Release|x86.Build.0 = Release|Win32
	EndGlobalSection
	GlobalSection(SolutionProperties) = preSolution
		HideSolutionNode = FALSE
	EndGlobalSection
	GlobalSection(ExtensibilityGlobals) = postSolution
		SolutionGuid = {F6BAAE15-F72F-4D2F-89BF-D36DDF03013F}
	EndGlobalSection
EndGlobal
