
Microsoft Visual Studio Solution File, Format Version 12.00
# Visual Studio 15
VisualStudioVersion = 15.0.28307.757
MinimumVisualStudioVersion = 10.0.40219.1
Project("{8BC9CEB8-8B4A-11D0-8D11-00A0C91BC942}") = "같은번호짝소거_stack", "같은번호짝소거_stack\같은번호짝소거_stack.vcxproj", "{828B2A1D-729A-4EAD-9CDA-2A4EF84B5433}"
EndProject
Global
	GlobalSection(SolutionConfigurationPlatforms) = preSolution
		Debug|x64 = Debug|x64
		Debug|x86 = Debug|x86
		Release|x64 = Release|x64
		Release|x86 = Release|x86
	EndGlobalSection
	GlobalSection(ProjectConfigurationPlatforms) = postSolution
		{828B2A1D-729A-4EAD-9CDA-2A4EF84B5433}.Debug|x64.ActiveCfg = Debug|x64
		{828B2A1D-729A-4EAD-9CDA-2A4EF84B5433}.Debug|x64.Build.0 = Debug|x64
		{828B2A1D-729A-4EAD-9CDA-2A4EF84B5433}.Debug|x86.ActiveCfg = Debug|Win32
		{828B2A1D-729A-4EAD-9CDA-2A4EF84B5433}.Debug|x86.Build.0 = Debug|Win32
		{828B2A1D-729A-4EAD-9CDA-2A4EF84B5433}.Release|x64.ActiveCfg = Release|x64
		{828B2A1D-729A-4EAD-9CDA-2A4EF84B5433}.Release|x64.Build.0 = Release|x64
		{828B2A1D-729A-4EAD-9CDA-2A4EF84B5433}.Release|x86.ActiveCfg = Release|Win32
		{828B2A1D-729A-4EAD-9CDA-2A4EF84B5433}.Release|x86.Build.0 = Release|Win32
	EndGlobalSection
	GlobalSection(SolutionProperties) = preSolution
		HideSolutionNode = FALSE
	EndGlobalSection
	GlobalSection(ExtensibilityGlobals) = postSolution
		SolutionGuid = {2C22015A-8044-4F2D-983A-B6B824821CE2}
	EndGlobalSection
EndGlobal
