
Microsoft Visual Studio Solution File, Format Version 12.00
# Visual Studio Version 16
VisualStudioVersion = 16.0.31729.503
MinimumVisualStudioVersion = 10.0.40219.1
Project("{8BC9CEB8-8B4A-11D0-8D11-00A0C91BC942}") = "[백준] 14501 퇴사", "[백준] 14501 퇴사\[백준] 14501 퇴사.vcxproj", "{3BFE6A7A-62A3-4356-AF96-CBF31FABF90D}"
EndProject
Global
	GlobalSection(SolutionConfigurationPlatforms) = preSolution
		Debug|x64 = Debug|x64
		Debug|x86 = Debug|x86
		Release|x64 = Release|x64
		Release|x86 = Release|x86
	EndGlobalSection
	GlobalSection(ProjectConfigurationPlatforms) = postSolution
		{3BFE6A7A-62A3-4356-AF96-CBF31FABF90D}.Debug|x64.ActiveCfg = Debug|x64
		{3BFE6A7A-62A3-4356-AF96-CBF31FABF90D}.Debug|x64.Build.0 = Debug|x64
		{3BFE6A7A-62A3-4356-AF96-CBF31FABF90D}.Debug|x86.ActiveCfg = Debug|Win32
		{3BFE6A7A-62A3-4356-AF96-CBF31FABF90D}.Debug|x86.Build.0 = Debug|Win32
		{3BFE6A7A-62A3-4356-AF96-CBF31FABF90D}.Release|x64.ActiveCfg = Release|x64
		{3BFE6A7A-62A3-4356-AF96-CBF31FABF90D}.Release|x64.Build.0 = Release|x64
		{3BFE6A7A-62A3-4356-AF96-CBF31FABF90D}.Release|x86.ActiveCfg = Release|Win32
		{3BFE6A7A-62A3-4356-AF96-CBF31FABF90D}.Release|x86.Build.0 = Release|Win32
	EndGlobalSection
	GlobalSection(SolutionProperties) = preSolution
		HideSolutionNode = FALSE
	EndGlobalSection
	GlobalSection(ExtensibilityGlobals) = postSolution
		SolutionGuid = {2BDA47F1-BAF7-4189-BD21-99861D23A963}
	EndGlobalSection
EndGlobal
