
Microsoft Visual Studio Solution File, Format Version 12.00
# Visual Studio 15
VisualStudioVersion = 15.0.28307.757
MinimumVisualStudioVersion = 10.0.40219.1
Project("{8BC9CEB8-8B4A-11D0-8D11-00A0C91BC942}") = "[백준] 1927 최소 힙", "[백준] 1927 최소 힙\[백준] 1927 최소 힙.vcxproj", "{812B88B4-A78C-44B5-8F05-F46B837BF8F7}"
EndProject
Global
	GlobalSection(SolutionConfigurationPlatforms) = preSolution
		Debug|x64 = Debug|x64
		Debug|x86 = Debug|x86
		Release|x64 = Release|x64
		Release|x86 = Release|x86
	EndGlobalSection
	GlobalSection(ProjectConfigurationPlatforms) = postSolution
		{812B88B4-A78C-44B5-8F05-F46B837BF8F7}.Debug|x64.ActiveCfg = Debug|x64
		{812B88B4-A78C-44B5-8F05-F46B837BF8F7}.Debug|x64.Build.0 = Debug|x64
		{812B88B4-A78C-44B5-8F05-F46B837BF8F7}.Debug|x86.ActiveCfg = Debug|Win32
		{812B88B4-A78C-44B5-8F05-F46B837BF8F7}.Debug|x86.Build.0 = Debug|Win32
		{812B88B4-A78C-44B5-8F05-F46B837BF8F7}.Release|x64.ActiveCfg = Release|x64
		{812B88B4-A78C-44B5-8F05-F46B837BF8F7}.Release|x64.Build.0 = Release|x64
		{812B88B4-A78C-44B5-8F05-F46B837BF8F7}.Release|x86.ActiveCfg = Release|Win32
		{812B88B4-A78C-44B5-8F05-F46B837BF8F7}.Release|x86.Build.0 = Release|Win32
	EndGlobalSection
	GlobalSection(SolutionProperties) = preSolution
		HideSolutionNode = FALSE
	EndGlobalSection
	GlobalSection(ExtensibilityGlobals) = postSolution
		SolutionGuid = {011B51DB-C513-485C-8348-98307082BA5B}
	EndGlobalSection
EndGlobal
