
Microsoft Visual Studio Solution File, Format Version 12.00
# Visual Studio 15
VisualStudioVersion = 15.0.28307.757
MinimumVisualStudioVersion = 10.0.40219.1
Project("{8BC9CEB8-8B4A-11D0-8D11-00A0C91BC942}") = "[SW 모의역량] 무선 충전", "[SW 모의역량] 무선 충전\[SW 모의역량] 무선 충전.vcxproj", "{52F4A241-C0C5-4EC9-A64C-423279557DB3}"
EndProject
Global
	GlobalSection(SolutionConfigurationPlatforms) = preSolution
		Debug|x64 = Debug|x64
		Debug|x86 = Debug|x86
		Release|x64 = Release|x64
		Release|x86 = Release|x86
	EndGlobalSection
	GlobalSection(ProjectConfigurationPlatforms) = postSolution
		{52F4A241-C0C5-4EC9-A64C-423279557DB3}.Debug|x64.ActiveCfg = Debug|x64
		{52F4A241-C0C5-4EC9-A64C-423279557DB3}.Debug|x64.Build.0 = Debug|x64
		{52F4A241-C0C5-4EC9-A64C-423279557DB3}.Debug|x86.ActiveCfg = Debug|Win32
		{52F4A241-C0C5-4EC9-A64C-423279557DB3}.Debug|x86.Build.0 = Debug|Win32
		{52F4A241-C0C5-4EC9-A64C-423279557DB3}.Release|x64.ActiveCfg = Release|x64
		{52F4A241-C0C5-4EC9-A64C-423279557DB3}.Release|x64.Build.0 = Release|x64
		{52F4A241-C0C5-4EC9-A64C-423279557DB3}.Release|x86.ActiveCfg = Release|Win32
		{52F4A241-C0C5-4EC9-A64C-423279557DB3}.Release|x86.Build.0 = Release|Win32
	EndGlobalSection
	GlobalSection(SolutionProperties) = preSolution
		HideSolutionNode = FALSE
	EndGlobalSection
	GlobalSection(ExtensibilityGlobals) = postSolution
		SolutionGuid = {DD0A6096-C2E8-4EB3-9E83-81DAF833037C}
	EndGlobalSection
EndGlobal
