
Microsoft Visual Studio Solution File, Format Version 12.00
# Visual Studio Version 16
VisualStudioVersion = 16.0.31729.503
MinimumVisualStudioVersion = 10.0.40219.1
Project("{8BC9CEB8-8B4A-11D0-8D11-00A0C91BC942}") = "[백준] 2096 내려가기", "[백준] 2096 내려가기\[백준] 2096 내려가기.vcxproj", "{459715FA-7BBE-46B5-84EF-2B0B8BBD3F4F}"
EndProject
Global
	GlobalSection(SolutionConfigurationPlatforms) = preSolution
		Debug|x64 = Debug|x64
		Debug|x86 = Debug|x86
		Release|x64 = Release|x64
		Release|x86 = Release|x86
	EndGlobalSection
	GlobalSection(ProjectConfigurationPlatforms) = postSolution
		{459715FA-7BBE-46B5-84EF-2B0B8BBD3F4F}.Debug|x64.ActiveCfg = Debug|x64
		{459715FA-7BBE-46B5-84EF-2B0B8BBD3F4F}.Debug|x64.Build.0 = Debug|x64
		{459715FA-7BBE-46B5-84EF-2B0B8BBD3F4F}.Debug|x86.ActiveCfg = Debug|Win32
		{459715FA-7BBE-46B5-84EF-2B0B8BBD3F4F}.Debug|x86.Build.0 = Debug|Win32
		{459715FA-7BBE-46B5-84EF-2B0B8BBD3F4F}.Release|x64.ActiveCfg = Release|x64
		{459715FA-7BBE-46B5-84EF-2B0B8BBD3F4F}.Release|x64.Build.0 = Release|x64
		{459715FA-7BBE-46B5-84EF-2B0B8BBD3F4F}.Release|x86.ActiveCfg = Release|Win32
		{459715FA-7BBE-46B5-84EF-2B0B8BBD3F4F}.Release|x86.Build.0 = Release|Win32
	EndGlobalSection
	GlobalSection(SolutionProperties) = preSolution
		HideSolutionNode = FALSE
	EndGlobalSection
	GlobalSection(ExtensibilityGlobals) = postSolution
		SolutionGuid = {CBD3AC25-EE5E-49B4-A0CD-973632B3D5EE}
	EndGlobalSection
EndGlobal
