
Microsoft Visual Studio Solution File, Format Version 12.00
# Visual Studio 15
VisualStudioVersion = 15.0.28307.757
MinimumVisualStudioVersion = 10.0.40219.1
Project("{8BC9CEB8-8B4A-11D0-8D11-00A0C91BC942}") = "[백준] 15829 Hashing", "[백준] 15829 Hashing\[백준] 15829 Hashing.vcxproj", "{A7149B78-E509-448D-96A2-E952A96520CD}"
EndProject
Global
	GlobalSection(SolutionConfigurationPlatforms) = preSolution
		Debug|x64 = Debug|x64
		Debug|x86 = Debug|x86
		Release|x64 = Release|x64
		Release|x86 = Release|x86
	EndGlobalSection
	GlobalSection(ProjectConfigurationPlatforms) = postSolution
		{A7149B78-E509-448D-96A2-E952A96520CD}.Debug|x64.ActiveCfg = Debug|x64
		{A7149B78-E509-448D-96A2-E952A96520CD}.Debug|x64.Build.0 = Debug|x64
		{A7149B78-E509-448D-96A2-E952A96520CD}.Debug|x86.ActiveCfg = Debug|Win32
		{A7149B78-E509-448D-96A2-E952A96520CD}.Debug|x86.Build.0 = Debug|Win32
		{A7149B78-E509-448D-96A2-E952A96520CD}.Release|x64.ActiveCfg = Release|x64
		{A7149B78-E509-448D-96A2-E952A96520CD}.Release|x64.Build.0 = Release|x64
		{A7149B78-E509-448D-96A2-E952A96520CD}.Release|x86.ActiveCfg = Release|Win32
		{A7149B78-E509-448D-96A2-E952A96520CD}.Release|x86.Build.0 = Release|Win32
	EndGlobalSection
	GlobalSection(SolutionProperties) = preSolution
		HideSolutionNode = FALSE
	EndGlobalSection
	GlobalSection(ExtensibilityGlobals) = postSolution
		SolutionGuid = {02B3259F-848D-43BF-9E8D-53BF9DDEC6CF}
	EndGlobalSection
EndGlobal
