
Microsoft Visual Studio Solution File, Format Version 12.00
# Visual Studio 15
VisualStudioVersion = 15.0.28307.757
MinimumVisualStudioVersion = 10.0.40219.1
Project("{8BC9CEB8-8B4A-11D0-8D11-00A0C91BC942}") = "SW 문제해결 - 최적경로", "SW 문제해결 - 최적경로\SW 문제해결 - 최적경로.vcxproj", "{18E9E5BD-3321-4BA0-9034-8696624AD85E}"
EndProject
Global
	GlobalSection(SolutionConfigurationPlatforms) = preSolution
		Debug|x64 = Debug|x64
		Debug|x86 = Debug|x86
		Release|x64 = Release|x64
		Release|x86 = Release|x86
	EndGlobalSection
	GlobalSection(ProjectConfigurationPlatforms) = postSolution
		{18E9E5BD-3321-4BA0-9034-8696624AD85E}.Debug|x64.ActiveCfg = Debug|x64
		{18E9E5BD-3321-4BA0-9034-8696624AD85E}.Debug|x64.Build.0 = Debug|x64
		{18E9E5BD-3321-4BA0-9034-8696624AD85E}.Debug|x86.ActiveCfg = Debug|Win32
		{18E9E5BD-3321-4BA0-9034-8696624AD85E}.Debug|x86.Build.0 = Debug|Win32
		{18E9E5BD-3321-4BA0-9034-8696624AD85E}.Release|x64.ActiveCfg = Release|x64
		{18E9E5BD-3321-4BA0-9034-8696624AD85E}.Release|x64.Build.0 = Release|x64
		{18E9E5BD-3321-4BA0-9034-8696624AD85E}.Release|x86.ActiveCfg = Release|Win32
		{18E9E5BD-3321-4BA0-9034-8696624AD85E}.Release|x86.Build.0 = Release|Win32
	EndGlobalSection
	GlobalSection(SolutionProperties) = preSolution
		HideSolutionNode = FALSE
	EndGlobalSection
	GlobalSection(ExtensibilityGlobals) = postSolution
		SolutionGuid = {AAD8FC89-E641-4EC3-9E28-CD18C895325E}
	EndGlobalSection
EndGlobal
