
Microsoft Visual Studio Solution File, Format Version 12.00
# Visual Studio 15
VisualStudioVersion = 15.0.28307.757
MinimumVisualStudioVersion = 10.0.40219.1
Project("{8BC9CEB8-8B4A-11D0-8D11-00A0C91BC942}") = "[프로그래머스] 정수 삼각형", "[프로그래머스] 정수 삼각형\[프로그래머스] 정수 삼각형.vcxproj", "{96A75238-6F25-4EB7-AB27-DA55285E332A}"
EndProject
Global
	GlobalSection(SolutionConfigurationPlatforms) = preSolution
		Debug|x64 = Debug|x64
		Debug|x86 = Debug|x86
		Release|x64 = Release|x64
		Release|x86 = Release|x86
	EndGlobalSection
	GlobalSection(ProjectConfigurationPlatforms) = postSolution
		{96A75238-6F25-4EB7-AB27-DA55285E332A}.Debug|x64.ActiveCfg = Debug|x64
		{96A75238-6F25-4EB7-AB27-DA55285E332A}.Debug|x64.Build.0 = Debug|x64
		{96A75238-6F25-4EB7-AB27-DA55285E332A}.Debug|x86.ActiveCfg = Debug|Win32
		{96A75238-6F25-4EB7-AB27-DA55285E332A}.Debug|x86.Build.0 = Debug|Win32
		{96A75238-6F25-4EB7-AB27-DA55285E332A}.Release|x64.ActiveCfg = Release|x64
		{96A75238-6F25-4EB7-AB27-DA55285E332A}.Release|x64.Build.0 = Release|x64
		{96A75238-6F25-4EB7-AB27-DA55285E332A}.Release|x86.ActiveCfg = Release|Win32
		{96A75238-6F25-4EB7-AB27-DA55285E332A}.Release|x86.Build.0 = Release|Win32
	EndGlobalSection
	GlobalSection(SolutionProperties) = preSolution
		HideSolutionNode = FALSE
	EndGlobalSection
	GlobalSection(ExtensibilityGlobals) = postSolution
		SolutionGuid = {2931B6DD-A9CA-438A-A70D-1429A81FF549}
	EndGlobalSection
EndGlobal
