
Microsoft Visual Studio Solution File, Format Version 12.00
# Visual Studio 15
VisualStudioVersion = 15.0.28307.757
MinimumVisualStudioVersion = 10.0.40219.1
Project("{8BC9CEB8-8B4A-11D0-8D11-00A0C91BC942}") = "[백준] 9461 파도반 수열", "[백준] 9461 파도반 수열\[백준] 9461 파도반 수열.vcxproj", "{B713D37F-8713-4EEB-A075-D7A805C720CC}"
EndProject
Global
	GlobalSection(SolutionConfigurationPlatforms) = preSolution
		Debug|x64 = Debug|x64
		Debug|x86 = Debug|x86
		Release|x64 = Release|x64
		Release|x86 = Release|x86
	EndGlobalSection
	GlobalSection(ProjectConfigurationPlatforms) = postSolution
		{B713D37F-8713-4EEB-A075-D7A805C720CC}.Debug|x64.ActiveCfg = Debug|x64
		{B713D37F-8713-4EEB-A075-D7A805C720CC}.Debug|x64.Build.0 = Debug|x64
		{B713D37F-8713-4EEB-A075-D7A805C720CC}.Debug|x86.ActiveCfg = Debug|Win32
		{B713D37F-8713-4EEB-A075-D7A805C720CC}.Debug|x86.Build.0 = Debug|Win32
		{B713D37F-8713-4EEB-A075-D7A805C720CC}.Release|x64.ActiveCfg = Release|x64
		{B713D37F-8713-4EEB-A075-D7A805C720CC}.Release|x64.Build.0 = Release|x64
		{B713D37F-8713-4EEB-A075-D7A805C720CC}.Release|x86.ActiveCfg = Release|Win32
		{B713D37F-8713-4EEB-A075-D7A805C720CC}.Release|x86.Build.0 = Release|Win32
	EndGlobalSection
	GlobalSection(SolutionProperties) = preSolution
		HideSolutionNode = FALSE
	EndGlobalSection
	GlobalSection(ExtensibilityGlobals) = postSolution
		SolutionGuid = {26A75EB9-FEA2-4E50-BA3E-816F02F61E95}
	EndGlobalSection
EndGlobal
