
Microsoft Visual Studio Solution File, Format Version 12.00
# Visual Studio 15
VisualStudioVersion = 15.0.28307.757
MinimumVisualStudioVersion = 10.0.40219.1
Project("{8BC9CEB8-8B4A-11D0-8D11-00A0C91BC942}") = "[백준] 1654 랜선 자르기", "[백준] 1654 랜선 자르기\[백준] 1654 랜선 자르기.vcxproj", "{2A3A9E64-F35D-4E0A-A030-0B677E80C939}"
EndProject
Global
	GlobalSection(SolutionConfigurationPlatforms) = preSolution
		Debug|x64 = Debug|x64
		Debug|x86 = Debug|x86
		Release|x64 = Release|x64
		Release|x86 = Release|x86
	EndGlobalSection
	GlobalSection(ProjectConfigurationPlatforms) = postSolution
		{2A3A9E64-F35D-4E0A-A030-0B677E80C939}.Debug|x64.ActiveCfg = Debug|x64
		{2A3A9E64-F35D-4E0A-A030-0B677E80C939}.Debug|x64.Build.0 = Debug|x64
		{2A3A9E64-F35D-4E0A-A030-0B677E80C939}.Debug|x86.ActiveCfg = Debug|Win32
		{2A3A9E64-F35D-4E0A-A030-0B677E80C939}.Debug|x86.Build.0 = Debug|Win32
		{2A3A9E64-F35D-4E0A-A030-0B677E80C939}.Release|x64.ActiveCfg = Release|x64
		{2A3A9E64-F35D-4E0A-A030-0B677E80C939}.Release|x64.Build.0 = Release|x64
		{2A3A9E64-F35D-4E0A-A030-0B677E80C939}.Release|x86.ActiveCfg = Release|Win32
		{2A3A9E64-F35D-4E0A-A030-0B677E80C939}.Release|x86.Build.0 = Release|Win32
	EndGlobalSection
	GlobalSection(SolutionProperties) = preSolution
		HideSolutionNode = FALSE
	EndGlobalSection
	GlobalSection(ExtensibilityGlobals) = postSolution
		SolutionGuid = {A725F966-2A38-4115-B37E-6F3DB76ED5F1}
	EndGlobalSection
EndGlobal
