
Microsoft Visual Studio Solution File, Format Version 12.00
# Visual Studio Version 16
VisualStudioVersion = 16.0.31729.503
MinimumVisualStudioVersion = 10.0.40219.1
Project("{8BC9CEB8-8B4A-11D0-8D11-00A0C91BC942}") = "[백준] 16496 큰 수 만들기", "[백준] 16496 큰 수 만들기\[백준] 16496 큰 수 만들기.vcxproj", "{CFFEEA94-FC5B-4127-AA12-0BD9F387D656}"
EndProject
Global
	GlobalSection(SolutionConfigurationPlatforms) = preSolution
		Debug|x64 = Debug|x64
		Debug|x86 = Debug|x86
		Release|x64 = Release|x64
		Release|x86 = Release|x86
	EndGlobalSection
	GlobalSection(ProjectConfigurationPlatforms) = postSolution
		{CFFEEA94-FC5B-4127-AA12-0BD9F387D656}.Debug|x64.ActiveCfg = Debug|x64
		{CFFEEA94-FC5B-4127-AA12-0BD9F387D656}.Debug|x64.Build.0 = Debug|x64
		{CFFEEA94-FC5B-4127-AA12-0BD9F387D656}.Debug|x86.ActiveCfg = Debug|Win32
		{CFFEEA94-FC5B-4127-AA12-0BD9F387D656}.Debug|x86.Build.0 = Debug|Win32
		{CFFEEA94-FC5B-4127-AA12-0BD9F387D656}.Release|x64.ActiveCfg = Release|x64
		{CFFEEA94-FC5B-4127-AA12-0BD9F387D656}.Release|x64.Build.0 = Release|x64
		{CFFEEA94-FC5B-4127-AA12-0BD9F387D656}.Release|x86.ActiveCfg = Release|Win32
		{CFFEEA94-FC5B-4127-AA12-0BD9F387D656}.Release|x86.Build.0 = Release|Win32
	EndGlobalSection
	GlobalSection(SolutionProperties) = preSolution
		HideSolutionNode = FALSE
	EndGlobalSection
	GlobalSection(ExtensibilityGlobals) = postSolution
		SolutionGuid = {8442B330-9ED0-48CD-A385-E8D68B4CF888}
	EndGlobalSection
EndGlobal
