
Microsoft Visual Studio Solution File, Format Version 12.00
# Visual Studio 15
VisualStudioVersion = 15.0.28307.757
MinimumVisualStudioVersion = 10.0.40219.1
Project("{8BC9CEB8-8B4A-11D0-8D11-00A0C91BC942}") = "[카카오] 블록이동하기", "[카카오] 블록이동하기\[카카오] 블록이동하기.vcxproj", "{92BCB2CA-3AE5-4A0C-8C15-FB947A9E3A18}"
EndProject
Global
	GlobalSection(SolutionConfigurationPlatforms) = preSolution
		Debug|x64 = Debug|x64
		Debug|x86 = Debug|x86
		Release|x64 = Release|x64
		Release|x86 = Release|x86
	EndGlobalSection
	GlobalSection(ProjectConfigurationPlatforms) = postSolution
		{92BCB2CA-3AE5-4A0C-8C15-FB947A9E3A18}.Debug|x64.ActiveCfg = Debug|x64
		{92BCB2CA-3AE5-4A0C-8C15-FB947A9E3A18}.Debug|x64.Build.0 = Debug|x64
		{92BCB2CA-3AE5-4A0C-8C15-FB947A9E3A18}.Debug|x86.ActiveCfg = Debug|Win32
		{92BCB2CA-3AE5-4A0C-8C15-FB947A9E3A18}.Debug|x86.Build.0 = Debug|Win32
		{92BCB2CA-3AE5-4A0C-8C15-FB947A9E3A18}.Release|x64.ActiveCfg = Release|x64
		{92BCB2CA-3AE5-4A0C-8C15-FB947A9E3A18}.Release|x64.Build.0 = Release|x64
		{92BCB2CA-3AE5-4A0C-8C15-FB947A9E3A18}.Release|x86.ActiveCfg = Release|Win32
		{92BCB2CA-3AE5-4A0C-8C15-FB947A9E3A18}.Release|x86.Build.0 = Release|Win32
	EndGlobalSection
	GlobalSection(SolutionProperties) = preSolution
		HideSolutionNode = FALSE
	EndGlobalSection
	GlobalSection(ExtensibilityGlobals) = postSolution
		SolutionGuid = {BE7D7AD7-F5D5-4E7C-BD84-1F9BBFA59E9B}
	EndGlobalSection
EndGlobal
