
Microsoft Visual Studio Solution File, Format Version 12.00
# Visual Studio Version 16
VisualStudioVersion = 16.0.31702.278
MinimumVisualStudioVersion = 10.0.40219.1
Project("{8BC9CEB8-8B4A-11D0-8D11-00A0C91BC942}") = "[백준] 5397 키로거", "[백준] 5397 키로거\[백준] 5397 키로거.vcxproj", "{F17F75E4-0366-4B51-AA78-02AA106EDC78}"
EndProject
Global
	GlobalSection(SolutionConfigurationPlatforms) = preSolution
		Debug|x64 = Debug|x64
		Debug|x86 = Debug|x86
		Release|x64 = Release|x64
		Release|x86 = Release|x86
	EndGlobalSection
	GlobalSection(ProjectConfigurationPlatforms) = postSolution
		{F17F75E4-0366-4B51-AA78-02AA106EDC78}.Debug|x64.ActiveCfg = Debug|x64
		{F17F75E4-0366-4B51-AA78-02AA106EDC78}.Debug|x64.Build.0 = Debug|x64
		{F17F75E4-0366-4B51-AA78-02AA106EDC78}.Debug|x86.ActiveCfg = Debug|Win32
		{F17F75E4-0366-4B51-AA78-02AA106EDC78}.Debug|x86.Build.0 = Debug|Win32
		{F17F75E4-0366-4B51-AA78-02AA106EDC78}.Release|x64.ActiveCfg = Release|x64
		{F17F75E4-0366-4B51-AA78-02AA106EDC78}.Release|x64.Build.0 = Release|x64
		{F17F75E4-0366-4B51-AA78-02AA106EDC78}.Release|x86.ActiveCfg = Release|Win32
		{F17F75E4-0366-4B51-AA78-02AA106EDC78}.Release|x86.Build.0 = Release|Win32
	EndGlobalSection
	GlobalSection(SolutionProperties) = preSolution
		HideSolutionNode = FALSE
	EndGlobalSection
	GlobalSection(ExtensibilityGlobals) = postSolution
		SolutionGuid = {4A536CD4-4866-4377-A072-CB0E578AB503}
	EndGlobalSection
EndGlobal
