
Microsoft Visual Studio Solution File, Format Version 12.00
# Visual Studio 15
VisualStudioVersion = 15.0.28307.757
MinimumVisualStudioVersion = 10.0.40219.1
Project("{8BC9CEB8-8B4A-11D0-8D11-00A0C91BC942}") = "SW 문제해결 - 조상", "SW 문제해결 - 조상\SW 문제해결 - 조상.vcxproj", "{4A2E737A-62F7-46BA-A7C6-31944337B2F6}"
EndProject
Global
	GlobalSection(SolutionConfigurationPlatforms) = preSolution
		Debug|x64 = Debug|x64
		Debug|x86 = Debug|x86
		Release|x64 = Release|x64
		Release|x86 = Release|x86
	EndGlobalSection
	GlobalSection(ProjectConfigurationPlatforms) = postSolution
		{4A2E737A-62F7-46BA-A7C6-31944337B2F6}.Debug|x64.ActiveCfg = Debug|x64
		{4A2E737A-62F7-46BA-A7C6-31944337B2F6}.Debug|x64.Build.0 = Debug|x64
		{4A2E737A-62F7-46BA-A7C6-31944337B2F6}.Debug|x86.ActiveCfg = Debug|Win32
		{4A2E737A-62F7-46BA-A7C6-31944337B2F6}.Debug|x86.Build.0 = Debug|Win32
		{4A2E737A-62F7-46BA-A7C6-31944337B2F6}.Release|x64.ActiveCfg = Release|x64
		{4A2E737A-62F7-46BA-A7C6-31944337B2F6}.Release|x64.Build.0 = Release|x64
		{4A2E737A-62F7-46BA-A7C6-31944337B2F6}.Release|x86.ActiveCfg = Release|Win32
		{4A2E737A-62F7-46BA-A7C6-31944337B2F6}.Release|x86.Build.0 = Release|Win32
	EndGlobalSection
	GlobalSection(SolutionProperties) = preSolution
		HideSolutionNode = FALSE
	EndGlobalSection
	GlobalSection(ExtensibilityGlobals) = postSolution
		SolutionGuid = {8986B40A-F944-4C52-A784-104A22C4B86C}
	EndGlobalSection
EndGlobal
